// !$*UTF8*$!
{
	archiveVersion = 1;
	classes = {
	};
	objectVersion = 90;
	objects = {

/* Begin PBXBuildFile section */
		5874B5C12F80D3B4003AE4E8 /* ChronosApp.swift in Sources */ = {isa = PBXBuildFile; fileRef = 5872A54C2F80C62700FE6FA7 /* ChronosApp.swift */; };
		5874B5C22F80D3E2003AE4E8 /* Color+Hex.swift in Sources */ = {isa = PBXBuildFile; fileRef = 5872A54E2F80C62700FE6FA7 /* Color+Hex.swift */; };
		5874B5C32F80D3E9003AE4E8 /* Appointment.swift in Sources */ = {isa = PBXBuildFile; fileRef = 5872A5502F80C62700FE6FA7 /* Appointment.swift */; };
		5874B5C42F80D3EF003AE4E8 /* GeneralTransaction.swift in Sources */ = {isa = PBXBuildFile; fileRef = 5872A5512F80C62700FE6FA7 /* GeneralTransaction.swift */; };
		5874B5C52F80D3F3003AE4E8 /* Member.swift in Sources */ = {isa = PBXBuildFile; fileRef = 5872A5522F80C62700FE6FA7 /* Member.swift */; };
		5874B5C62F80D3F7003AE4E8 /* DataManager.swift in Sources */ = {isa = PBXBuildFile; fileRef = 5872A5542F80C62700FE6FA7 /* DataManager.swift */; };
		5874B5C72F80D3FD003AE4E8 /* AddAppointmentView.swift in Sources */ = {isa = PBXBuildFile; fileRef = 5872A5562F80C62700FE6FA7 /* AddAppointmentView.swift */; };
		5874B5C82F80D401003AE4E8 /* AppointmentListView.swift in Sources */ = {isa = PBXBuildFile; fileRef = 5872A5572F80C62700FE6FA7 /* AppointmentListView.swift */; };
		5874B5C92F80D406003AE4E8 /* EditAppointmentView.swift in Sources */ = {isa = PBXBuildFile; fileRef = 5872A5582F80C62700FE6FA7 /* EditAppointmentView.swift */; };
		5874B5CA2F80D40A003AE4E8 /* CalendarGridView.swift in Sources */ = {isa = PBXBuildFile; fileRef = 5872A55A2F80C62700FE6FA7 /* CalendarGridView.swift */; };
		5874B5CB2F80D40D003AE4E8 /* ProportionChart.swift in Sources */ = {isa = PBXBuildFile; fileRef = 5872A55B2F80C62700FE6FA7 /* ProportionChart.swift */; };
		5874B5CC2F80D411003AE4E8 /* AddGeneralTransactionView.swift in Sources */ = {isa = PBXBuildFile; fileRef = 5872A55D2F80C62700FE6FA7 /* AddGeneralTransactionView.swift */; };
		5874B5CD2F80D414003AE4E8 /* IncomeExpenseView.swift in Sources */ = {isa = PBXBuildFile; fileRef = 5872A55E2F80C62700FE6FA7 /* IncomeExpenseView.swift */; };
		5874B5CE2F80D417003AE4E8 /* ReportView.swift in Sources */ = {isa = PBXBuildFile; fileRef = 5872A55F2F80C62700FE6FA7 /* ReportView.swift */; };
		5874B5CF2F80D41B003AE4E8 /* HistoryView.swift in Sources */ = {isa = PBXBuildFile; fileRef = 5872A5612F80C62700FE6FA7 /* HistoryView.swift */; };
		5874B5D02F80D41E003AE4E8 /* MemberManagementView.swift in Sources */ = {isa = PBXBuildFile; fileRef = 5872A5632F80C62700FE6FA7 /* MemberManagementView.swift */; };
		5874B5D12F80D421003AE4E8 /* ContentView.swift in Sources */ = {isa = PBXBuildFile; fileRef = 5872A5652F80C62700FE6FA7 /* ContentView.swift */; };
/* End PBXBuildFile section */

/* Begin PBXContainerItemProxy section */
		584A4F782EB6F565002C5A4B /* PBXContainerItemProxy */ = {
			isa = PBXContainerItemProxy;
			containerPortal = 584A4F5E2EB6F563002C5A4B /* Project object */;
			proxyType = 1;
			remoteGlobalIDString = 584A4F652EB6F563002C5A4B;
			remoteInfo = Chronos;
		};
		584A4F822EB6F565002C5A4B /* PBXContainerItemProxy */ = {
			isa = PBXContainerItemProxy;
			containerPortal = 584A4F5E2EB6F563002C5A4B /* Project object */;
			proxyType = 1;
			remoteGlobalIDString = 584A4F652EB6F563002C5A4B;
			remoteInfo = Chronos;
		};
/* End PBXContainerItemProxy section */

/* Begin PBXFileReference section */
		584A4F662EB6F563002C5A4B /* Chronos.app */ = {isa = PBXFileReference; explicitFileType = wrapper.application; includeInIndex = 0; path = Chronos.app; sourceTree = BUILT_PRODUCTS_DIR; };
		584A4F772EB6F565002C5A4B /* ChronosTests.xctest */ = {isa = PBXFileReference; explicitFileType = wrapper.cfbundle; includeInIndex = 0; path = ChronosTests.xctest; sourceTree = BUILT_PRODUCTS_DIR; };
		584A4F812EB6F565002C5A4B /* ChronosUITests.xctest */ = {isa = PBXFileReference; explicitFileType = wrapper.cfbundle; includeInIndex = 0; path = ChronosUITests.xctest; sourceTree = BUILT_PRODUCTS_DIR; };
		5872A54C2F80C62700FE6FA7 /* ChronosApp.swift */ = {isa = PBXFileReference; lastKnownFileType = sourcecode.swift; path = ChronosApp.swift; sourceTree = "<group>"; };
		5872A54E2F80C62700FE6FA7 /* Color+Hex.swift */ = {isa = PBXFileReference; lastKnownFileType = sourcecode.swift; path = "Color+Hex.swift"; sourceTree = "<group>"; };
		5872A5502F80C62700FE6FA7 /* Appointment.swift */ = {isa = PBXFileReference; lastKnownFileType = sourcecode.swift; path = Appointment.swift; sourceTree = "<group>"; };
		5872A5512F80C62700FE6FA7 /* GeneralTransaction.swift */ = {isa = PBXFileReference; lastKnownFileType = sourcecode.swift; path = GeneralTransaction.swift; sourceTree = "<group>"; };
		5872A5522F80C62700FE6FA7 /* Member.swift */ = {isa = PBXFileReference; lastKnownFileType = sourcecode.swift; path = Member.swift; sourceTree = "<group>"; };
		5872A5542F80C62700FE6FA7 /* DataManager.swift */ = {isa = PBXFileReference; lastKnownFileType = sourcecode.swift; path = DataManager.swift; sourceTree = "<group>"; };
		5872A5562F80C62700FE6FA7 /* AddAppointmentView.swift */ = {isa = PBXFileReference; lastKnownFileType = sourcecode.swift; path = AddAppointmentView.swift; sourceTree = "<group>"; };
		5872A5572F80C62700FE6FA7 /* AppointmentListView.swift */ = {isa = PBXFileReference; lastKnownFileType = sourcecode.swift; path = AppointmentListView.swift; sourceTree = "<group>"; };
		5872A5582F80C62700FE6FA7 /* EditAppointmentView.swift */ = {isa = PBXFileReference; lastKnownFileType = sourcecode.swift; path = EditAppointmentView.swift; sourceTree = "<group>"; };
		5872A55A2F80C62700FE6FA7 /* CalendarGridView.swift */ = {isa = PBXFileReference; lastKnownFileType = sourcecode.swift; path = CalendarGridView.swift; sourceTree = "<group>"; };
		5872A55B2F80C62700FE6FA7 /* ProportionChart.swift */ = {isa = PBXFileReference; lastKnownFileType = sourcecode.swift; path = ProportionChart.swift; sourceTree = "<group>"; };
		5872A55D2F80C62700FE6FA7 /* AddGeneralTransactionView.swift */ = {isa = PBXFileReference; lastKnownFileType = sourcecode.swift; path = AddGeneralTransactionView.swift; sourceTree = "<group>"; };
		5872A55E2F80C62700FE6FA7 /* IncomeExpenseView.swift */ = {isa = PBXFileReference; lastKnownFileType = sourcecode.swift; path = IncomeExpenseView.swift; sourceTree = "<group>"; };
		5872A55F2F80C62700FE6FA7 /* ReportView.swift */ = {isa = PBXFileReference; lastKnownFileType = sourcecode.swift; path = ReportView.swift; sourceTree = "<group>"; };
		5872A5612F80C62700FE6FA7 /* HistoryView.swift */ = {isa = PBXFileReference; lastKnownFileType = sourcecode.swift; path = HistoryView.swift; sourceTree = "<group>"; };
		5872A5632F80C62700FE6FA7 /* MemberManagementView.swift */ = {isa = PBXFileReference; lastKnownFileType = sourcecode.swift; path = MemberManagementView.swift; sourceTree = "<group>"; };
		5872A5652F80C62700FE6FA7 /* ContentView.swift */ = {isa = PBXFileReference; lastKnownFileType = sourcecode.swift; path = ContentView.swift; sourceTree = "<group>"; };
		5872A5672F80C62700FE6FA7 /* .gitignore */ = {isa = PBXFileReference; lastKnownFileType = text; path = .gitignore; sourceTree = "<group>"; };
		5872A5682F80C62700FE6FA7 /* README.md */ = {isa = PBXFileReference; lastKnownFileType = net.daringfireball.markdown; path = README.md; sourceTree = "<group>"; };
/* End PBXFileReference section */

/* Begin PBXFrameworksBuildPhase section */
		584A4F632EB6F563002C5A4B /* Frameworks */ = {
			isa = PBXFrameworksBuildPhase;
			files = (
			);
		};
		584A4F742EB6F565002C5A4B /* Frameworks */ = {
			isa = PBXFrameworksBuildPhase;
			files = (
			);
		};
		584A4F7E2EB6F565002C5A4B /* Frameworks */ = {
			isa = PBXFrameworksBuildPhase;
			files = (
			);
		};
/* End PBXFrameworksBuildPhase section */

/* Begin PBXGroup section */
		584A4F5D2EB6F563002C5A4B = {
			isa = PBXGroup;
			children = (
				5872A5692F80C62700FE6FA7 /* Chronos */,
				584A4F672EB6F563002C5A4B /* Products */,
			);
			sourceTree = "<group>";
		};
		584A4F672EB6F563002C5A4B /* Products */ = {
			isa = PBXGroup;
			children = (
				584A4F662EB6F563002C5A4B /* Chronos.app */,
				584A4F772EB6F565002C5A4B /* ChronosTests.xctest */,
				584A4F812EB6F565002C5A4B /* ChronosUITests.xctest */,
			);
			name = Products;
			sourceTree = "<group>";
		};
		5872A54D2F80C62700FE6FA7 /* App */ = {
			isa = PBXGroup;
			children = (
				5872A54C2F80C62700FE6FA7 /* ChronosApp.swift */,
			);
			path = App;
			sourceTree = "<group>";
		};
		5872A54F2F80C62700FE6FA7 /* Extensions */ = {
			isa = PBXGroup;
			children = (
				5872A54E2F80C62700FE6FA7 /* Color+Hex.swift */,
			);
			path = Extensions;
			sourceTree = "<group>";
		};
		5872A5532F80C62700FE6FA7 /* Models */ = {
			isa = PBXGroup;
			children = (
				5872A5502F80C62700FE6FA7 /* Appointment.swift */,
				5872A5512F80C62700FE6FA7 /* GeneralTransaction.swift */,
				5872A5522F80C62700FE6FA7 /* Member.swift */,
			);
			path = Models;
			sourceTree = "<group>";
		};
		5872A5552F80C62700FE6FA7 /* Persistence */ = {
			isa = PBXGroup;
			children = (
				5872A5542F80C62700FE6FA7 /* DataManager.swift */,
			);
			path = Persistence;
			sourceTree = "<group>";
		};
		5872A5592F80C62700FE6FA7 /* Appointment */ = {
			isa = PBXGroup;
			children = (
				5872A5562F80C62700FE6FA7 /* AddAppointmentView.swift */,
				5872A5572F80C62700FE6FA7 /* AppointmentListView.swift */,
				5872A5582F80C62700FE6FA7 /* EditAppointmentView.swift */,
			);
			path = Appointment;
			sourceTree = "<group>";
		};
		5872A55C2F80C62700FE6FA7 /* Components */ = {
			isa = PBXGroup;
			children = (
				5872A55A2F80C62700FE6FA7 /* CalendarGridView.swift */,
				5872A55B2F80C62700FE6FA7 /* ProportionChart.swift */,
			);
			path = Components;
			sourceTree = "<group>";
		};
		5872A5602F80C62700FE6FA7 /* Finance */ = {
			isa = PBXGroup;
			children = (
				5872A55D2F80C62700FE6FA7 /* AddGeneralTransactionView.swift */,
				5872A55E2F80C62700FE6FA7 /* IncomeExpenseView.swift */,
				5872A55F2F80C62700FE6FA7 /* ReportView.swift */,
			);
			path = Finance;
			sourceTree = "<group>";
		};
		5872A5622F80C62700FE6FA7 /* History */ = {
			isa = PBXGroup;
			children = (
				5872A5612F80C62700FE6FA7 /* HistoryView.swift */,
			);
			path = History;
			sourceTree = "<group>";
		};
		5872A5642F80C62700FE6FA7 /* Member */ = {
			isa = PBXGroup;
			children = (
				5872A5632F80C62700FE6FA7 /* MemberManagementView.swift */,
			);
			path = Member;
			sourceTree = "<group>";
		};
		5872A5662F80C62700FE6FA7 /* Views */ = {
			isa = PBXGroup;
			children = (
				5872A5592F80C62700FE6FA7 /* Appointment */,
				5872A55C2F80C62700FE6FA7 /* Components */,
				5872A5602F80C62700FE6FA7 /* Finance */,
				5872A5622F80C62700FE6FA7 /* History */,
				5872A5642F80C62700FE6FA7 /* Member */,
				5872A5652F80C62700FE6FA7 /* ContentView.swift */,
			);
			path = Views;
			sourceTree = "<group>";
		};
		5872A5692F80C62700FE6FA7 /* Chronos */ = {
			isa = PBXGroup;
			children = (
				5872A54D2F80C62700FE6FA7 /* App */,
				5872A54F2F80C62700FE6FA7 /* Extensions */,
				5872A5532F80C62700FE6FA7 /* Models */,
				5872A5552F80C62700FE6FA7 /* Persistence */,
				5872A5662F80C62700FE6FA7 /* Views */,
				5872A5672F80C62700FE6FA7 /* .gitignore */,
				5872A5682F80C62700FE6FA7 /* README.md */,
			);
			path = Chronos;
			sourceTree = "<group>";
		};
/* End PBXGroup section */

/* Begin PBXNativeTarget section */
		584A4F652EB6F563002C5A4B /* Chronos */ = {
			isa = PBXNativeTarget;
			buildConfigurationList = 584A4F8A2EB6F565002C5A4B /* Build configuration list for PBXNativeTarget "Chronos" */;
			buildPhases = (
				584A4F622EB6F563002C5A4B /* Sources */,
				584A4F632EB6F563002C5A4B /* Frameworks */,
				584A4F642EB6F563002C5A4B /* Resources */,
			);
			buildRules = (
			);
			name = Chronos;
			productName = Chronos;
			productReference = 584A4F662EB6F563002C5A4B /* Chronos.app */;
			productType = "com.apple.product-type.application";
		};
		584A4F762EB6F565002C5A4B /* ChronosTests */ = {
			isa = PBXNativeTarget;
			buildConfigurationList = 584A4F8F2EB6F565002C5A4B /* Build configuration list for PBXNativeTarget "ChronosTests" */;
			buildPhases = (
				584A4F732EB6F565002C5A4B /* Sources */,
				584A4F742EB6F565002C5A4B /* Frameworks */,
				584A4F752EB6F565002C5A4B /* Resources */,
			);
			buildRules = (
			);
			dependencies = (
				584A4F792EB6F565002C5A4B /* PBXTargetDependency */,
			);
			name = ChronosTests;
			productName = ChronosTests;
			productReference = 584A4F772EB6F565002C5A4B /* ChronosTests.xctest */;
			productType = "com.apple.product-type.bundle.unit-test";
		};
		584A4F802EB6F565002C5A4B /* ChronosUITests */ = {
			isa = PBXNativeTarget;
			buildConfigurationList = 584A4F922EB6F565002C5A4B /* Build configuration list for PBXNativeTarget "ChronosUITests" */;
			buildPhases = (
				584A4F7D2EB6F565002C5A4B /* Sources */,
				584A4F7E2EB6F565002C5A4B /* Frameworks */,
				584A4F7F2EB6F565002C5A4B /* Resources */,
			);
			buildRules = (
			);
			dependencies = (
				584A4F832EB6F565002C5A4B /* PBXTargetDependency */,
			);
			name = ChronosUITests;
			productName = ChronosUITests;
			productReference = 584A4F812EB6F565002C5A4B /* ChronosUITests.xctest */;
			productType = "com.apple.product-type.bundle.ui-testing";
		};
/* End PBXNativeTarget section */

/* Begin PBXProject section */
		584A4F5E2EB6F563002C5A4B /* Project object */ = {
			isa = PBXProject;
			attributes = {
				BuildIndependentTargetsInParallel = 1;
				KnownAssetTags = (
					New,
				);
				LastSwiftUpdateCheck = 2600;
				LastUpgradeCheck = 2600;
				TargetAttributes = {
					584A4F652EB6F563002C5A4B = {
						CreatedOnToolsVersion = 26.0.1;
					};
					584A4F762EB6F565002C5A4B = {
						CreatedOnToolsVersion = 26.0.1;
						TestTargetID = 584A4F652EB6F563002C5A4B;
					};
					584A4F802EB6F565002C5A4B = {
						CreatedOnToolsVersion = 26.0.1;
						TestTargetID = 584A4F652EB6F563002C5A4B;
					};
				};
			};
			buildConfigurationList = 584A4F612EB6F563002C5A4B /* Build configuration list for PBXProject "Chronos" */;
			developmentRegion = en;
			hasScannedForEncodings = 0;
			knownRegions = (
				en,
				Base,
			);
			mainGroup = 584A4F5D2EB6F563002C5A4B;
			minimizedProjectReferenceProxies = 1;
			preferredProjectObjectVersion = 90;
			productRefGroup = 584A4F672EB6F563002C5A4B /* Products */;
			projectDirPath = "";
			projectRoot = "";
			targets = (
				584A4F652EB6F563002C5A4B /* Chronos */,
				584A4F762EB6F565002C5A4B /* ChronosTests */,
				584A4F802EB6F565002C5A4B /* ChronosUITests */,
			);
		};
/* End PBXProject section */

/* Begin PBXResourcesBuildPhase section */
		584A4F642EB6F563002C5A4B /* Resources */ = {
			isa = PBXResourcesBuildPhase;
			files = (
			);
		};
		584A4F752EB6F565002C5A4B /* Resources */ = {
			isa = PBXResourcesBuildPhase;
			files = (
			);
		};
		584A4F7F2EB6F565002C5A4B /* Resources */ = {
			isa = PBXResourcesBuildPhase;
			files = (
			);
		};
/* End PBXResourcesBuildPhase section */

/* Begin PBXSourcesBuildPhase section */
		584A4F622EB6F563002C5A4B /* Sources */ = {
			isa = PBXSourcesBuildPhase;
			files = (
				5874B5C72F80D3FD003AE4E8 /* AddAppointmentView.swift in Sources */,
				5874B5C32F80D3E9003AE4E8 /* Appointment.swift in Sources */,
				5874B5C82F80D401003AE4E8 /* AppointmentListView.swift in Sources */,
				5874B5C62F80D3F7003AE4E8 /* DataManager.swift in Sources */,
				5874B5CE2F80D417003AE4E8 /* ReportView.swift in Sources */,
				5874B5D02F80D41E003AE4E8 /* MemberManagementView.swift in Sources */,
				5874B5C12F80D3B4003AE4E8 /* ChronosApp.swift in Sources */,
				5874B5D12F80D421003AE4E8 /* ContentView.swift in Sources */,
				5874B5C22F80D3E2003AE4E8 /* Color+Hex.swift in Sources */,
				5874B5CF2F80D41B003AE4E8 /* HistoryView.swift in Sources */,
				5874B5C42F80D3EF003AE4E8 /* GeneralTransaction.swift in Sources */,
				5874B5C92F80D406003AE4E8 /* EditAppointmentView.swift in Sources */,
				5874B5CA2F80D40A003AE4E8 /* CalendarGridView.swift in Sources */,
				5874B5CB2F80D40D003AE4E8 /* ProportionChart.swift in Sources */,
				5874B5CC2F80D411003AE4E8 /* AddGeneralTransactionView.swift in Sources */,
				5874B5CD2F80D414003AE4E8 /* IncomeExpenseView.swift in Sources */,
				5874B5C52F80D3F3003AE4E8 /* Member.swift in Sources */,
			);
		};
		584A4F732EB6F565002C5A4B /* Sources */ = {
			isa = PBXSourcesBuildPhase;
			files = (
			);
		};
		584A4F7D2EB6F565002C5A4B /* Sources */ = {
			isa = PBXSourcesBuildPhase;
			files = (
			);
		};
/* End PBXSourcesBuildPhase section */

/* Begin PBXTargetDependency section */
		584A4F792EB6F565002C5A4B /* PBXTargetDependency */ = {
			isa = PBXTargetDependency;
			target = 584A4F652EB6F563002C5A4B /* Chronos */;
			targetProxy = 584A4F782EB6F565002C5A4B /* PBXContainerItemProxy */;
		};
		584A4F832EB6F565002C5A4B /* PBXTargetDependency */ = {
			isa = PBXTargetDependency;
			target = 584A4F652EB6F563002C5A4B /* Chronos */;
			targetProxy = 584A4F822EB6F565002C5A4B /* PBXContainerItemProxy */;
		};
/* End PBXTargetDependency section */

/* Begin XCBuildConfiguration section */
		584A4F8B2EB6F565002C5A4B /* Debug configuration for PBXNativeTarget "Chronos" */ = {
			isa = XCBuildConfiguration;
			buildSettings = {
				ASSETCATALOG_COMPILER_APPICON_NAME = AppIcon;
				ASSETCATALOG_COMPILER_GLOBAL_ACCENT_COLOR_NAME = AccentColor;
				AUTOMATION_APPLE_EVENTS = YES;
				CODE_SIGN_IDENTITY = "Apple Development";
				"CODE_SIGN_IDENTITY[sdk=macosx*]" = "-";
				CODE_SIGN_STYLE = Automatic;
				CURRENT_PROJECT_VERSION = 1;
				DEVELOPMENT_TEAM = PS98V4XU8Z;
				ENABLE_APP_SANDBOX = YES;
				ENABLE_HARDENED_RUNTIME = YES;
				ENABLE_INCOMING_NETWORK_CONNECTIONS = YES;
				ENABLE_OUTGOING_NETWORK_CONNECTIONS = YES;
				ENABLE_PREVIEWS = YES;
				ENABLE_RESOURCE_ACCESS_AUDIO_INPUT = YES;
				ENABLE_RESOURCE_ACCESS_BLUETOOTH = YES;
				ENABLE_RESOURCE_ACCESS_CALENDARS = YES;
				ENABLE_RESOURCE_ACCESS_CAMERA = YES;
				ENABLE_RESOURCE_ACCESS_CONTACTS = YES;
				ENABLE_RESOURCE_ACCESS_LOCATION = YES;
				ENABLE_RESOURCE_ACCESS_PHOTO_LIBRARY = YES;
				ENABLE_RESOURCE_ACCESS_PRINTING = YES;
				ENABLE_RESOURCE_ACCESS_USB = YES;
				ENABLE_USER_SELECTED_FILES = readonly;
				GENERATE_INFOPLIST_FILE = YES;
				INFOPLIST_FILE = "";
				INFOPLIST_KEY_LSApplicationCategoryType = "public.app-category.finance";
				"INFOPLIST_KEY_UIApplicationSceneManifest_Generation[sdk=iphoneos*]" = YES;
				"INFOPLIST_KEY_UIApplicationSceneManifest_Generation[sdk=iphonesimulator*]" = YES;
				"INFOPLIST_KEY_UIApplicationSupportsIndirectInputEvents[sdk=iphoneos*]" = YES;
				"INFOPLIST_KEY_UIApplicationSupportsIndirectInputEvents[sdk=iphonesimulator*]" = YES;
				"INFOPLIST_KEY_UILaunchScreen_Generation[sdk=iphoneos*]" = YES;
				"INFOPLIST_KEY_UILaunchScreen_Generation[sdk=iphonesimulator*]" = YES;
				"INFOPLIST_KEY_UIStatusBarStyle[sdk=iphoneos*]" = UIStatusBarStyleDefault;
				"INFOPLIST_KEY_UIStatusBarStyle[sdk=iphonesimulator*]" = UIStatusBarStyleDefault;
				INFOPLIST_KEY_UISupportedInterfaceOrientations = "UIInterfaceOrientationLandscapeLeft UIInterfaceOrientationLandscapeRight UIInterfaceOrientationPortrait UIInterfaceOrientationPortraitUpsideDown";
				IPHONEOS_DEPLOYMENT_TARGET = 26.0;
				LD_RUNPATH_SEARCH_PATHS = "@executable_path/Frameworks";
				"LD_RUNPATH_SEARCH_PATHS[sdk=macosx*]" = "@executable_path/../Frameworks";
				MACOSX_DEPLOYMENT_TARGET = 26.0;
				MARKETING_VERSION = 1.0;
				PRODUCT_BUNDLE_IDENTIFIER = com.tifli.KinKeep;
				PRODUCT_NAME = "$(TARGET_NAME)";
				PROVISIONING_PROFILE_SPECIFIER = "";
				REGISTER_APP_GROUPS = YES;
				RUNTIME_EXCEPTION_ALLOW_DYLD_ENVIRONMENT_VARIABLES = NO;
				RUNTIME_EXCEPTION_ALLOW_JIT = NO;
				RUNTIME_EXCEPTION_ALLOW_UNSIGNED_EXECUTABLE_MEMORY = NO;
				RUNTIME_EXCEPTION_DEBUGGING_TOOL = YES;
				RUNTIME_EXCEPTION_DISABLE_EXECUTABLE_PAGE_PROTECTION = NO;
				RUNTIME_EXCEPTION_DISABLE_LIBRARY_VALIDATION = NO;
				SDKROOT = auto;
				STRING_CATALOG_GENERATE_SYMBOLS = YES;
				SUPPORTED_PLATFORMS = "iphoneos iphonesimulator";
				SUPPORTS_MACCATALYST = NO;
				SWIFT_APPROACHABLE_CONCURRENCY = YES;
				SWIFT_DEFAULT_ACTOR_ISOLATION = MainActor;
				SWIFT_EMIT_LOC_STRINGS = YES;
				SWIFT_UPCOMING_FEATURE_MEMBER_IMPORT_VISIBILITY = YES;
				SWIFT_VERSION = 5.0;
				TARGETED_DEVICE_FAMILY = "1,2";
				XROS_DEPLOYMENT_TARGET = 26.0;
			};
			name = Debug;
		};
		584A4F8C2EB6F565002C5A4B /* Release configuration for PBXNativeTarget "Chronos" */ = {
			isa = XCBuildConfiguration;
			buildSettings = {
				ASSETCATALOG_COMPILER_APPICON_NAME = AppIcon;
				ASSETCATALOG_COMPILER_GLOBAL_ACCENT_COLOR_NAME = AccentColor;
				AUTOMATION_APPLE_EVENTS = YES;
				CODE_SIGN_IDENTITY = "Apple Development";
				"CODE_SIGN_IDENTITY[sdk=macosx*]" = "-";
				CODE_SIGN_STYLE = Automatic;
				CURRENT_PROJECT_VERSION = 1;
				DEVELOPMENT_TEAM = PS98V4XU8Z;
				ENABLE_APP_SANDBOX = YES;
				ENABLE_HARDENED_RUNTIME = YES;
				ENABLE_INCOMING_NETWORK_CONNECTIONS = YES;
				ENABLE_OUTGOING_NETWORK_CONNECTIONS = YES;
				ENABLE_PREVIEWS = YES;
				ENABLE_RESOURCE_ACCESS_AUDIO_INPUT = YES;
				ENABLE_RESOURCE_ACCESS_BLUETOOTH = YES;
				ENABLE_RESOURCE_ACCESS_CALENDARS = YES;
				ENABLE_RESOURCE_ACCESS_CAMERA = YES;
				ENABLE_RESOURCE_ACCESS_CONTACTS = YES;
				ENABLE_RESOURCE_ACCESS_LOCATION = YES;
				ENABLE_RESOURCE_ACCESS_PHOTO_LIBRARY = YES;
				ENABLE_RESOURCE_ACCESS_PRINTING = YES;
				ENABLE_RESOURCE_ACCESS_USB = YES;
				ENABLE_USER_SELECTED_FILES = readonly;
				GENERATE_INFOPLIST_FILE = YES;
				INFOPLIST_FILE = "";
				INFOPLIST_KEY_LSApplicationCategoryType = "public.app-category.finance";
				"INFOPLIST_KEY_UIApplicationSceneManifest_Generation[sdk=iphoneos*]" = YES;
				"INFOPLIST_KEY_UIApplicationSceneManifest_Generation[sdk=iphonesimulator*]" = YES;
				"INFOPLIST_KEY_UIApplicationSupportsIndirectInputEvents[sdk=iphoneos*]" = YES;
				"INFOPLIST_KEY_UIApplicationSupportsIndirectInputEvents[sdk=iphonesimulator*]" = YES;
				"INFOPLIST_KEY_UILaunchScreen_Generation[sdk=iphoneos*]" = YES;
				"INFOPLIST_KEY_UILaunchScreen_Generation[sdk=iphonesimulator*]" = YES;
				"INFOPLIST_KEY_UIStatusBarStyle[sdk=iphoneos*]" = UIStatusBarStyleDefault;
				"INFOPLIST_KEY_UIStatusBarStyle[sdk=iphonesimulator*]" = UIStatusBarStyleDefault;
				INFOPLIST_KEY_UISupportedInterfaceOrientations = "UIInterfaceOrientationLandscapeLeft UIInterfaceOrientationLandscapeRight UIInterfaceOrientationPortrait UIInterfaceOrientationPortraitUpsideDown";
				IPHONEOS_DEPLOYMENT_TARGET = 26.0;
				LD_RUNPATH_SEARCH_PATHS = "@executable_path/Frameworks";
				"LD_RUNPATH_SEARCH_PATHS[sdk=macosx*]" = "@executable_path/../Frameworks";
				MACOSX_DEPLOYMENT_TARGET = 26.0;
				MARKETING_VERSION = 1.0;
				PRODUCT_BUNDLE_IDENTIFIER = com.tifli.KinKeep;
				PRODUCT_NAME = "$(TARGET_NAME)";
				PROVISIONING_PROFILE_SPECIFIER = "";
				REGISTER_APP_GROUPS = YES;
				RUNTIME_EXCEPTION_ALLOW_DYLD_ENVIRONMENT_VARIABLES = NO;
				RUNTIME_EXCEPTION_ALLOW_JIT = NO;
				RUNTIME_EXCEPTION_ALLOW_UNSIGNED_EXECUTABLE_MEMORY = NO;
				RUNTIME_EXCEPTION_DEBUGGING_TOOL = YES;
				RUNTIME_EXCEPTION_DISABLE_EXECUTABLE_PAGE_PROTECTION = NO;
				RUNTIME_EXCEPTION_DISABLE_LIBRARY_VALIDATION = NO;
				SDKROOT = auto;
				STRING_CATALOG_GENERATE_SYMBOLS = YES;
				SUPPORTED_PLATFORMS = "iphoneos iphonesimulator";
				SUPPORTS_MACCATALYST = NO;
				SWIFT_APPROACHABLE_CONCURRENCY = YES;
				SWIFT_DEFAULT_ACTOR_ISOLATION = MainActor;
				SWIFT_EMIT_LOC_STRINGS = YES;
				SWIFT_UPCOMING_FEATURE_MEMBER_IMPORT_VISIBILITY = YES;
				SWIFT_VERSION = 5.0;
				TARGETED_DEVICE_FAMILY = "1,2";
				XROS_DEPLOYMENT_TARGET = 26.0;
			};
			name = Release;
		};
		584A4F8D2EB6F565002C5A4B /* Debug configuration for PBXProject "Chronos" */ = {
			isa = XCBuildConfiguration;
			buildSettings = {
				ALWAYS_SEARCH_USER_PATHS = NO;
				ASSETCATALOG_COMPILER_GENERATE_SWIFT_ASSET_SYMBOL_EXTENSIONS = YES;
				CLANG_ANALYZER_NONNULL = YES;
				CLANG_ANALYZER_NUMBER_OBJECT_CONVERSION = YES_AGGRESSIVE;
				CLANG_CXX_LANGUAGE_STANDARD = "gnu++20";
				CLANG_ENABLE_MODULES = YES;
				CLANG_ENABLE_OBJC_ARC = YES;
				CLANG_ENABLE_OBJC_WEAK = YES;
				CLANG_WARN_BLOCK_CAPTURE_AUTORELEASING = YES;
				CLANG_WARN_BOOL_CONVERSION = YES;
				CLANG_WARN_COMMA = YES;
				CLANG_WARN_CONSTANT_CONVERSION = YES;
				CLANG_WARN_DEPRECATED_OBJC_IMPLEMENTATIONS = YES;
				CLANG_WARN_DIRECT_OBJC_ISA_USAGE = YES_ERROR;
				CLANG_WARN_DOCUMENTATION_COMMENTS = YES;
				CLANG_WARN_EMPTY_BODY = YES;
				CLANG_WARN_ENUM_CONVERSION = YES;
				CLANG_WARN_INFINITE_RECURSION = YES;
				CLANG_WARN_INT_CONVERSION = YES;
				CLANG_WARN_NON_LITERAL_NULL_CONVERSION = YES;
				CLANG_WARN_OBJC_IMPLICIT_RETAIN_SELF = YES;
				CLANG_WARN_OBJC_LITERAL_CONVERSION = YES;
				CLANG_WARN_OBJC_ROOT_CLASS = YES_ERROR;
				CLANG_WARN_QUOTED_INCLUDE_IN_FRAMEWORK_HEADER = YES;
				CLANG_WARN_RANGE_LOOP_ANALYSIS = YES;
				CLANG_WARN_STRICT_PROTOTYPES = YES;
				CLANG_WARN_SUSPICIOUS_MOVE = YES;
				CLANG_WARN_UNGUARDED_AVAILABILITY = YES_AGGRESSIVE;
				CLANG_WARN_UNREACHABLE_CODE = YES;
				CLANG_WARN__DUPLICATE_METHOD_MATCH = YES;
				COPY_PHASE_STRIP = NO;
				DEBUG_INFORMATION_FORMAT = dwarf;
				DEVELOPMENT_TEAM = PS98V4XU8Z;
				ENABLE_STRICT_OBJC_MSGSEND = YES;
				ENABLE_TESTABILITY = YES;
				ENABLE_USER_SCRIPT_SANDBOXING = YES;
				GCC_C_LANGUAGE_STANDARD = gnu17;
				GCC_DYNAMIC_NO_PIC = NO;
				GCC_NO_COMMON_BLOCKS = YES;
				GCC_OPTIMIZATION_LEVEL = 0;
				GCC_PREPROCESSOR_DEFINITIONS = (
					"DEBUG=1",
					"$(inherited)",
				);
				GCC_WARN_64_TO_32_BIT_CONVERSION = YES;
				GCC_WARN_ABOUT_RETURN_TYPE = YES_ERROR;
				GCC_WARN_UNDECLARED_SELECTOR = YES;
				GCC_WARN_UNINITIALIZED_AUTOS = YES_AGGRESSIVE;
				GCC_WARN_UNUSED_FUNCTION = YES;
				GCC_WARN_UNUSED_VARIABLE = YES;
				LOCALIZATION_PREFERS_STRING_CATALOGS = YES;
				MTL_ENABLE_DEBUG_INFO = INCLUDE_SOURCE;
				MTL_FAST_MATH = YES;
				ONLY_ACTIVE_ARCH = YES;
				SWIFT_ACTIVE_COMPILATION_CONDITIONS = "DEBUG $(inherited)";
				SWIFT_OPTIMIZATION_LEVEL = "-Onone";
			};
			name = Debug;
		};
		584A4F8E2EB6F565002C5A4B /* Release configuration for PBXProject "Chronos" */ = {
			isa = XCBuildConfiguration;
			buildSettings = {
				ALWAYS_SEARCH_USER_PATHS = NO;
				ASSETCATALOG_COMPILER_GENERATE_SWIFT_ASSET_SYMBOL_EXTENSIONS = YES;
				CLANG_ANALYZER_NONNULL = YES;
				CLANG_ANALYZER_NUMBER_OBJECT_CONVERSION = YES_AGGRESSIVE;
				CLANG_CXX_LANGUAGE_STANDARD = "gnu++20";
				CLANG_ENABLE_MODULES = YES;
				CLANG_ENABLE_OBJC_ARC = YES;
				CLANG_ENABLE_OBJC_WEAK = YES;
				CLANG_WARN_BLOCK_CAPTURE_AUTORELEASING = YES;
				CLANG_WARN_BOOL_CONVERSION = YES;
				CLANG_WARN_COMMA = YES;
				CLANG_WARN_CONSTANT_CONVERSION = YES;
				CLANG_WARN_DEPRECATED_OBJC_IMPLEMENTATIONS = YES;
				CLANG_WARN_DIRECT_OBJC_ISA_USAGE = YES_ERROR;
				CLANG_WARN_DOCUMENTATION_COMMENTS = YES;
				CLANG_WARN_EMPTY_BODY = YES;
				CLANG_WARN_ENUM_CONVERSION = YES;
				CLANG_WARN_INFINITE_RECURSION = YES;
				CLANG_WARN_INT_CONVERSION = YES;
				CLANG_WARN_NON_LITERAL_NULL_CONVERSION = YES;
				CLANG_WARN_OBJC_IMPLICIT_RETAIN_SELF = YES;
				CLANG_WARN_OBJC_LITERAL_CONVERSION = YES;
				CLANG_WARN_OBJC_ROOT_CLASS = YES_ERROR;
				CLANG_WARN_QUOTED_INCLUDE_IN_FRAMEWORK_HEADER = YES;
				CLANG_WARN_RANGE_LOOP_ANALYSIS = YES;
				CLANG_WARN_STRICT_PROTOTYPES = YES;
				CLANG_WARN_SUSPICIOUS_MOVE = YES;
				CLANG_WARN_UNGUARDED_AVAILABILITY = YES_AGGRESSIVE;
				CLANG_WARN_UNREACHABLE_CODE = YES;
				CLANG_WARN__DUPLICATE_METHOD_MATCH = YES;
				COPY_PHASE_STRIP = NO;
				DEBUG_INFORMATION_FORMAT = "dwarf-with-dsym";
				DEVELOPMENT_TEAM = PS98V4XU8Z;
				ENABLE_NS_ASSERTIONS = NO;
				ENABLE_STRICT_OBJC_MSGSEND = YES;
				ENABLE_USER_SCRIPT_SANDBOXING = YES;
				GCC_C_LANGUAGE_STANDARD = gnu17;
				GCC_NO_COMMON_BLOCKS = YES;
				GCC_WARN_64_TO_32_BIT_CONVERSION = YES;
				GCC_WARN_ABOUT_RETURN_TYPE = YES_ERROR;
				GCC_WARN_UNDECLARED_SELECTOR = YES;
				GCC_WARN_UNINITIALIZED_AUTOS = YES_AGGRESSIVE;
				GCC_WARN_UNUSED_FUNCTION = YES;
				GCC_WARN_UNUSED_VARIABLE = YES;
				LOCALIZATION_PREFERS_STRING_CATALOGS = YES;
				MTL_ENABLE_DEBUG_INFO = NO;
				MTL_FAST_MATH = YES;
				SWIFT_COMPILATION_MODE = wholemodule;
			};
			name = Release;
		};
		584A4F902EB6F565002C5A4B /* Debug configuration for PBXNativeTarget "ChronosTests" */ = {
			isa = XCBuildConfiguration;
			buildSettings = {
				BUNDLE_LOADER = "$(TEST_HOST)";
				CODE_SIGN_STYLE = Automatic;
				CURRENT_PROJECT_VERSION = 1;
				DEVELOPMENT_TEAM = PS98V4XU8Z;
				GENERATE_INFOPLIST_FILE = YES;
				IPHONEOS_DEPLOYMENT_TARGET = 26.0;
				MACOSX_DEPLOYMENT_TARGET = 15.6;
				MARKETING_VERSION = 1.0;
				PRODUCT_BUNDLE_IDENTIFIER = com.Chronos.ChronosTests;
				PRODUCT_NAME = "$(TARGET_NAME)";
				SDKROOT = auto;
				STRING_CATALOG_GENERATE_SYMBOLS = NO;
				SUPPORTED_PLATFORMS = "iphoneos iphonesimulator macosx xros xrsimulator";
				SWIFT_APPROACHABLE_CONCURRENCY = YES;
				SWIFT_EMIT_LOC_STRINGS = NO;
				SWIFT_UPCOMING_FEATURE_MEMBER_IMPORT_VISIBILITY = YES;
				SWIFT_VERSION = 5.0;
				TARGETED_DEVICE_FAMILY = "1,2,7";
				TEST_HOST = "$(BUILT_PRODUCTS_DIR)/Chronos.app/$(BUNDLE_EXECUTABLE_FOLDER_PATH)/Chronos";
				XROS_DEPLOYMENT_TARGET = 26.0;
			};
			name = Debug;
		};
		584A4F912EB6F565002C5A4B /* Release configuration for PBXNativeTarget "ChronosTests" */ = {
			isa = XCBuildConfiguration;
			buildSettings = {
				BUNDLE_LOADER = "$(TEST_HOST)";
				CODE_SIGN_STYLE = Automatic;
				CURRENT_PROJECT_VERSION = 1;
				DEVELOPMENT_TEAM = PS98V4XU8Z;
				GENERATE_INFOPLIST_FILE = YES;
				IPHONEOS_DEPLOYMENT_TARGET = 26.0;
				MACOSX_DEPLOYMENT_TARGET = 15.6;
				MARKETING_VERSION = 1.0;
				PRODUCT_BUNDLE_IDENTIFIER = com.Chronos.ChronosTests;
				PRODUCT_NAME = "$(TARGET_NAME)";
				SDKROOT = auto;
				STRING_CATALOG_GENERATE_SYMBOLS = NO;
				SUPPORTED_PLATFORMS = "iphoneos iphonesimulator macosx xros xrsimulator";
				SWIFT_APPROACHABLE_CONCURRENCY = YES;
				SWIFT_EMIT_LOC_STRINGS = NO;
				SWIFT_UPCOMING_FEATURE_MEMBER_IMPORT_VISIBILITY = YES;
				SWIFT_VERSION = 5.0;
				TARGETED_DEVICE_FAMILY = "1,2,7";
				TEST_HOST = "$(BUILT_PRODUCTS_DIR)/Chronos.app/$(BUNDLE_EXECUTABLE_FOLDER_PATH)/Chronos";
				XROS_DEPLOYMENT_TARGET = 26.0;
			};
			name = Release;
		};
		584A4F932EB6F565002C5A4B /* Debug configuration for PBXNativeTarget "ChronosUITests" */ = {
			isa = XCBuildConfiguration;
			buildSettings = {
				CODE_SIGN_STYLE = Automatic;
				CURRENT_PROJECT_VERSION = 1;
				DEVELOPMENT_TEAM = PS98V4XU8Z;
				GENERATE_INFOPLIST_FILE = YES;
				IPHONEOS_DEPLOYMENT_TARGET = 26.0;
				MACOSX_DEPLOYMENT_TARGET = 15.6;
				MARKETING_VERSION = 1.0;
				PRODUCT_BUNDLE_IDENTIFIER = com.Chronos.ChronosUITests;
				PRODUCT_NAME = "$(TARGET_NAME)";
				SDKROOT = auto;
				STRING_CATALOG_GENERATE_SYMBOLS = NO;
				SUPPORTED_PLATFORMS = "iphoneos iphonesimulator macosx xros xrsimulator";
				SWIFT_APPROACHABLE_CONCURRENCY = YES;
				SWIFT_EMIT_LOC_STRINGS = NO;
				SWIFT_UPCOMING_FEATURE_MEMBER_IMPORT_VISIBILITY = YES;
				SWIFT_VERSION = 5.0;
				TARGETED_DEVICE_FAMILY = "1,2,7";
				TEST_TARGET_NAME = Chronos;
				XROS_DEPLOYMENT_TARGET = 26.0;
			};
			name = Debug;
		};
		584A4F942EB6F565002C5A4B /* Release configuration for PBXNativeTarget "ChronosUITests" */ = {
			isa = XCBuildConfiguration;
			buildSettings = {
				CODE_SIGN_STYLE = Automatic;
				CURRENT_PROJECT_VERSION = 1;
				DEVELOPMENT_TEAM = PS98V4XU8Z;
				GENERATE_INFOPLIST_FILE = YES;
				IPHONEOS_DEPLOYMENT_TARGET = 26.0;
				MACOSX_DEPLOYMENT_TARGET = 15.6;
				MARKETING_VERSION = 1.0;
				PRODUCT_BUNDLE_IDENTIFIER = com.Chronos.ChronosUITests;
				PRODUCT_NAME = "$(TARGET_NAME)";
				SDKROOT = auto;
				STRING_CATALOG_GENERATE_SYMBOLS = NO;
				SUPPORTED_PLATFORMS = "iphoneos iphonesimulator macosx xros xrsimulator";
				SWIFT_APPROACHABLE_CONCURRENCY = YES;
				SWIFT_EMIT_LOC_STRINGS = NO;
				SWIFT_UPCOMING_FEATURE_MEMBER_IMPORT_VISIBILITY = YES;
				SWIFT_VERSION = 5.0;
				TARGETED_DEVICE_FAMILY = "1,2,7";
				TEST_TARGET_NAME = Chronos;
				XROS_DEPLOYMENT_TARGET = 26.0;
			};
			name = Release;
		};
/* End XCBuildConfiguration section */

/* Begin XCConfigurationList section */
		584A4F612EB6F563002C5A4B /* Build configuration list for PBXProject "Chronos" */ = {
			isa = XCConfigurationList;
			buildConfigurations = (
				584A4F8D2EB6F565002C5A4B /* Debug configuration for PBXProject "Chronos" */,
				584A4F8E2EB6F565002C5A4B /* Release configuration for PBXProject "Chronos" */,
			);
			defaultConfigurationName = Release;
		};
		584A4F8A2EB6F565002C5A4B /* Build configuration list for PBXNativeTarget "Chronos" */ = {
			isa = XCConfigurationList;
			buildConfigurations = (
				584A4F8B2EB6F565002C5A4B /* Debug configuration for PBXNativeTarget "Chronos" */,
				584A4F8C2EB6F565002C5A4B /* Release configuration for PBXNativeTarget "Chronos" */,
			);
			defaultConfigurationName = Release;
		};
		584A4F8F2EB6F565002C5A4B /* Build configuration list for PBXNativeTarget "ChronosTests" */ = {
			isa = XCConfigurationList;
			buildConfigurations = (
				584A4F902EB6F565002C5A4B /* Debug configuration for PBXNativeTarget "ChronosTests" */,
				584A4F912EB6F565002C5A4B /* Release configuration for PBXNativeTarget "ChronosTests" */,
			);
			defaultConfigurationName = Release;
		};
		584A4F922EB6F565002C5A4B /* Build configuration list for PBXNativeTarget "ChronosUITests" */ = {
			isa = XCConfigurationList;
			buildConfigurations = (
				584A4F932EB6F565002C5A4B /* Debug configuration for PBXNativeTarget "ChronosUITests" */,
				584A4F942EB6F565002C5A4B /* Release configuration for PBXNativeTarget "ChronosUITests" */,
			);
			defaultConfigurationName = Release;
		};
/* End XCConfigurationList section */
	};
	rootObject = 584A4F5E2EB6F563002C5A4B /* Project object */;
}
